
Microsoft Visual Studio Solution File, Format Version 12.00
# Visual Studio Version 16
VisualStudioVersion = 16.0.33423.256
MinimumVisualStudioVersion = 10.0.40219.1
Project("{FAE04EC0-301F-11D3-BF4B-00C04F79EFBC}") = "Week6FinalLab", "Week6FinalLab\Week6FinalLab.csproj", "{0FC7A492-AE6B-40B8-B4E2-7963929ECE1D}"
EndProject
Global
	GlobalSection(SolutionConfigurationPlatforms) = preSolution
		Debug|Any CPU = Debug|Any CPU
		Release|Any CPU = Release|Any CPU
	EndGlobalSection
	GlobalSection(ProjectConfigurationPlatforms) = postSolution
		{0FC7A492-AE6B-40B8-B4E2-7963929ECE1D}.Debug|Any CPU.ActiveCfg = Debug|Any CPU
		{0FC7A492-AE6B-40B8-B4E2-7963929ECE1D}.Debug|Any CPU.Build.0 = Debug|Any CPU
		{0FC7A492-AE6B-40B8-B4E2-7963929ECE1D}.Release|Any CPU.ActiveCfg = Release|Any CPU
		{0FC7A492-AE6B-40B8-B4E2-7963929ECE1D}.Release|Any CPU.Build.0 = Release|Any CPU
	EndGlobalSection
	GlobalSection(SolutionProperties) = preSolution
		HideSolutionNode = FALSE
	EndGlobalSection
	GlobalSection(ExtensibilityGlobals) = postSolution
		SolutionGuid = {6BC07DAE-5BA4-4DE2-AF57-62FCCECAE7AF}
	EndGlobalSection
EndGlobal
